// !$*UTF8*$!
{
	archiveVersion = 1;
	classes = {
	};
	objectVersion = 48;
	objects = {

/* Begin PBXBuildFile section */
		786A45A02005BD3E00E34BB2 /* AppDelegate.swift in Sources */ = {isa = PBXBuildFile; fileRef = 786A459F2005BD3E00E34BB2 /* AppDelegate.swift */; };
		786A45A22005BD3E00E34BB2 /* ViewController.swift in Sources */ = {isa = PBXBuildFile; fileRef = 786A45A12005BD3E00E34BB2 /* ViewController.swift */; };
		786A45A52005BD3E00E34BB2 /* Main.storyboard in Resources */ = {isa = PBXBuildFile; fileRef = 786A45A32005BD3E00E34BB2 /* Main.storyboard */; };
		786A45A72005BD3E00E34BB2 /* Assets.xcassets in Resources */ = {isa = PBXBuildFile; fileRef = 786A45A62005BD3E00E34BB2 /* Assets.xcassets */; };
		786A45AA2005BD3E00E34BB2 /* LaunchScreen.storyboard in Resources */ = {isa = PBXBuildFile; fileRef = 786A45A82005BD3E00E34BB2 /* LaunchScreen.storyboard */; };
/* End PBXBuildFile section */

/* Begin PBXFileReference section */
		786A459C2005BD3E00E34BB2 /* HUD_D.app */ = {isa = PBXFileReference; explicitFileType = wrapper.application; includeInIndex = 0; path = HUD_D.app; sourceTree = BUILT_PRODUCTS_DIR; };
		786A459F2005BD3E00E34BB2 /* AppDelegate.swift */ = {isa = PBXFileReference; lastKnownFileType = sourcecode.swift; path = AppDelegate.swift; sourceTree = "<group>"; };
		786A45A12005BD3E00E34BB2 /* ViewController.swift */ = {isa = PBXFileReference; lastKnownFileType = sourcecode.swift; path = ViewController.swift; sourceTree = "<group>"; };
		786A45A42005BD3E00E34BB2 /* Base */ = {isa = PBXFileReference; lastKnownFileType = file.storyboard; name = Base; path = Base.lproj/Main.storyboard; sourceTree = "<group>"; };
		786A45A62005BD3E00E34BB2 /* Assets.xcassets */ = {isa = PBXFileReference; lastKnownFileType = folder.assetcatalog; path = Assets.xcassets; sourceTree = "<group>"; };
		786A45A92005BD3E00E34BB2 /* Base */ = {isa = PBXFileReference; lastKnownFileType = file.storyboard; name = Base; path = Base.lproj/LaunchScreen.storyboard; sourceTree = "<group>"; };
		786A45AB2005BD3E00E34BB2 /* Info.plist */ = {isa = PBXFileReference; lastKnownFileType = text.plist.xml; path = Info.plist; sourceTree = "<group>"; };
/* End PBXFileReference section */

/* Begin PBXFrameworksBuildPhase section */
		786A45992005BD3E00E34BB2 /* Frameworks */ = {
			isa = PBXFrameworksBuildPhase;
			buildActionMask = 2147483647;
			files = (
			);
			runOnlyForDeploymentPostprocessing = 0;
		};
/* End PBXFrameworksBuildPhase section */

/* Begin PBXGroup section */
		786A45932005BD3E00E34BB2 = {
			isa = PBXGroup;
			children = (
				786A459E2005BD3E00E34BB2 /* HUD_D */,
				786A459D2005BD3E00E34BB2 /* Products */,
			);
			sourceTree = "<group>";
		};
		786A459D2005BD3E00E34BB2 /* Products */ = {
			isa = PBXGroup;
			children = (
				786A459C2005BD3E00E34BB2 /* HUD_D.app */,
			);
			name = Products;
			sourceTree = "<group>";
		};
		786A459E2005BD3E00E34BB2 /* HUD_D */ = {
			isa = PBXGroup;
			children = (
				786A459F2005BD3E00E34BB2 /* AppDelegate.swift */,
				786A45A12005BD3E00E34BB2 /* ViewController.swift */,
				786A45A32005BD3E00E34BB2 /* Main.storyboard */,
				786A45A62005BD3E00E34BB2 /* Assets.xcassets */,
				786A45A82005BD3E00E34BB2 /* LaunchScreen.storyboard */,
				786A45AB2005BD3E00E34BB2 /* Info.plist */,
			);
			path = HUD_D;
			sourceTree = "<group>";
		};
/* End PBXGroup section */

/* Begin PBXNativeTarget section */
		786A459B2005BD3E00E34BB2 /* HUD_D */ = {
			isa = PBXNativeTarget;
			buildConfigurationList = 786A45AE2005BD3E00E34BB2 /* Build configuration list for PBXNativeTarget "HUD_D" */;
			buildPhases = (
				786A45982005BD3E00E34BB2 /* Sources */,
				786A45992005BD3E00E34BB2 /* Frameworks */,
				786A459A2005BD3E00E34BB2 /* Resources */,
			);
			buildRules = (
			);
			dependencies = (
			);
			name = HUD_D;
			productName = HUD_D;
			productReference = 786A459C2005BD3E00E34BB2 /* HUD_D.app */;
			productType = "com.apple.product-type.application";
		};
/* End PBXNativeTarget section */

/* Begin PBXProject section */
		786A45942005BD3E00E34BB2 /* Project object */ = {
			isa = PBXProject;
			attributes = {
				LastSwiftUpdateCheck = 0900;
				LastUpgradeCheck = 0900;
				ORGANIZATIONNAME = youlu;
				TargetAttributes = {
					786A459B2005BD3E00E34BB2 = {
						CreatedOnToolsVersion = 9.0.1;
						ProvisioningStyle = Automatic;
					};
				};
			};
			buildConfigurationList = 786A45972005BD3E00E34BB2 /* Build configuration list for PBXProject "HUD_D" */;
			compatibilityVersion = "Xcode 8.0";
			developmentRegion = en;
			hasScannedForEncodings = 0;
			knownRegions = (
				en,
				Base,
			);
			mainGroup = 786A45932005BD3E00E34BB2;
			productRefGroup = 786A459D2005BD3E00E34BB2 /* Products */;
			projectDirPath = "";
			projectRoot = "";
			targets = (
				786A459B2005BD3E00E34BB2 /* HUD_D */,
			);
		};
/* End PBXProject section */

/* Begin PBXResourcesBuildPhase section */
		786A459A2005BD3E00E34BB2 /* Resources */ = {
			isa = PBXResourcesBuildPhase;
			buildActionMask = 2147483647;
			files = (
				786A45AA2005BD3E00E34BB2 /* LaunchScreen.storyboard in Resources */,
				786A45A72005BD3E00E34BB2 /* Assets.xcassets in Resources */,
				786A45A52005BD3E00E34BB2 /* Main.storyboard in Resources */,
			);
			runOnlyForDeploymentPostprocessing = 0;
		};
/* End PBXResourcesBuildPhase section */

/* Begin PBXSourcesBuildPhase section */
		786A45982005BD3E00E34BB2 /* Sources */ = {
			isa = PBXSourcesBuildPhase;
			buildActionMask = 2147483647;
			files = (
				786A45A22005BD3E00E34BB2 /* ViewController.swift in Sources */,
				786A45A02005BD3E00E34BB2 /* AppDelegate.swift in Sources */,
			);
			runOnlyForDeploymentPostprocessing = 0;
		};
/* End PBXSourcesBuildPhase section */

/* Begin PBXVariantGroup section */
		786A45A32005BD3E00E34BB2 /* Main.storyboard */ = {
			isa = PBXVariantGroup;
			children = (
				786A45A42005BD3E00E34BB2 /* Base */,
			);
			name = Main.storyboard;
			sourceTree = "<group>";
		};
		786A45A82005BD3E00E34BB2 /* LaunchScreen.storyboard */ = {
			isa = PBXVariantGroup;
			children = (
				786A45A92005BD3E00E34BB2 /* Base */,
			);
			name = LaunchScreen.storyboard;
			sourceTree = "<group>";
		};
/* End PBXVariantGroup section */

/* Begin XCBuildConfiguration section */
		786A45AC2005BD3E00E34BB2 /* Debug */ = {
			isa = XCBuildConfiguration;
			buildSettings = {
				ALWAYS_SEARCH_USER_PATHS = NO;
				CLANG_ANALYZER_NONNULL = YES;
				CLANG_ANALYZER_NUMBER_OBJECT_CONVERSION = YES_AGGRESSIVE;
				CLANG_CXX_LANGUAGE_STANDARD = "gnu++14";
				CLANG_CXX_LIBRARY = "libc++";
				CLANG_ENABLE_MODULES = YES;
				CLANG_ENABLE_OBJC_ARC = YES;
				CLANG_WARN_BLOCK_CAPTURE_AUTORELEASING = YES;
				CLANG_WARN_BOOL_CONVERSION = YES;
				CLANG_WARN_COMMA = YES;
				CLANG_WARN_CONSTANT_CONVERSION = YES;
				CLANG_WARN_DIRECT_OBJC_ISA_USAGE = YES_ERROR;
				CLANG_WARN_DOCUMENTATION_COMMENTS = YES;
				CLANG_WARN_EMPTY_BODY = YES;
				CLANG_WARN_ENUM_CONVERSION = YES;
				CLANG_WARN_INFINITE_RECURSION = YES;
				CLANG_WARN_INT_CONVERSION = YES;
				CLANG_WARN_NON_LITERAL_NULL_CONVERSION = YES;
				CLANG_WARN_OBJC_LITERAL_CONVERSION = YES;
				CLANG_WARN_OBJC_ROOT_CLASS = YES_ERROR;
				CLANG_WARN_RANGE_LOOP_ANALYSIS = YES;
				CLANG_WARN_STRICT_PROTOTYPES = YES;
				CLANG_WARN_SUSPICIOUS_MOVE = YES;
				CLANG_WARN_UNGUARDED_AVAILABILITY = YES_AGGRESSIVE;
				CLANG_WARN_UNREACHABLE_CODE = YES;
				CLANG_WARN__DUPLICATE_METHOD_MATCH = YES;
				CODE_SIGN_IDENTITY = "iPhone Developer";
				COPY_PHASE_STRIP = NO;
				DEBUG_INFORMATION_FORMAT = dwarf;
				ENABLE_STRICT_OBJC_MSGSEND = YES;
				ENABLE_TESTABILITY = YES;
				GCC_C_LANGUAGE_STANDARD = gnu11;
				GCC_DYNAMIC_NO_PIC = NO;
				GCC_NO_COMMON_BLOCKS = YES;
				GCC_OPTIMIZATION_LEVEL = 0;
				GCC_PREPROCESSOR_DEFINITIONS = (
					"DEBUG=1",
					"$(inherited)",
				);
				GCC_WARN_64_TO_32_BIT_CONVERSION = YES;
				GCC_WARN_ABOUT_RETURN_TYPE = YES_ERROR;
				GCC_WARN_UNDECLARED_SELECTOR = YES;
				GCC_WARN_UNINITIALIZED_AUTOS = YES_AGGRESSIVE;
				GCC_WARN_UNUSED_FUNCTION = YES;
				GCC_WARN_UNUSED_VARIABLE = YES;
				IPHONEOS_DEPLOYMENT_TARGET = 11.0;
				MTL_ENABLE_DEBUG_INFO = YES;
				ONLY_ACTIVE_ARCH = YES;
				SDKROOT = iphoneos;
				SWIFT_ACTIVE_COMPILATION_CONDITIONS = DEBUG;
				SWIFT_OPTIMIZATION_LEVEL = "-Onone";
			};
			name = Debug;
		};
		786A45AD2005BD3E00E34BB2 /* Release */ = {
			isa = XCBuildConfiguration;
			buildSettings = {
				ALWAYS_SEARCH_USER_PATHS = NO;
				CLANG_ANALYZER_NONNULL = YES;
				CLANG_ANALYZER_NUMBER_OBJECT_CONVERSION = YES_AGGRESSIVE;
				CLANG_CXX_LANGUAGE_STANDARD = "gnu++14";
				CLANG_CXX_LIBRARY = "libc++";
				CLANG_ENABLE_MODULES = YES;
				CLANG_ENABLE_OBJC_ARC = YES;
				CLANG_WARN_BLOCK_CAPTURE_AUTORELEASING = YES;
				CLANG_WARN_BOOL_CONVERSION = YES;
				CLANG_WARN_COMMA = YES;
				CLANG_WARN_CONSTANT_CONVERSION = YES;
				CLANG_WARN_DIRECT_OBJC_ISA_USAGE = YES_ERROR;
				CLANG_WARN_DOCUMENTATION_COMMENTS = YES;
				CLANG_WARN_EMPTY_BODY = YES;
				CLANG_WARN_ENUM_CONVERSION = YES;
				CLANG_WARN_INFINITE_RECURSION = YES;
				CLANG_WARN_INT_CONVERSION = YES;
				CLANG_WARN_NON_LITERAL_NULL_CONVERSION = YES;
				CLANG_WARN_OBJC_LITERAL_CONVERSION = YES;
				CLANG_WARN_OBJC_ROOT_CLASS = YES_ERROR;
				CLANG_WARN_RANGE_LOOP_ANALYSIS = YES;
				CLANG_WARN_STRICT_PROTOTYPES = YES;
				CLANG_WARN_SUSPICIOUS_MOVE = YES;
				CLANG_WARN_UNGUARDED_AVAILABILITY = YES_AGGRESSIVE;
				CLANG_WARN_UNREACHABLE_CODE = YES;
				CLANG_WARN__DUPLICATE_METHOD_MATCH = YES;
				CODE_SIGN_IDENTITY = "iPhone Developer";
				COPY_PHASE_STRIP = NO;
				DEBUG_INFORMATION_FORMAT = "dwarf-with-dsym";
				ENABLE_NS_ASSERTIONS = NO;
				ENABLE_STRICT_OBJC_MSGSEND = YES;
				GCC_C_LANGUAGE_STANDARD = gnu11;
				GCC_NO_COMMON_BLOCKS = YES;
				GCC_WARN_64_TO_32_BIT_CONVERSION = YES;
				GCC_WARN_ABOUT_RETURN_TYPE = YES_ERROR;
				GCC_WARN_UNDECLARED_SELECTOR = YES;
				GCC_WARN_UNINITIALIZED_AUTOS = YES_AGGRESSIVE;
				GCC_WARN_UNUSED_FUNCTION = YES;
				GCC_WARN_UNUSED_VARIABLE = YES;
				IPHONEOS_DEPLOYMENT_TARGET = 11.0;
				MTL_ENABLE_DEBUG_INFO = NO;
				SDKROOT = iphoneos;
				SWIFT_OPTIMIZATION_LEVEL = "-Owholemodule";
				VALIDATE_PRODUCT = YES;
			};
			name = Release;
		};
		786A45AF2005BD3E00E34BB2 /* Debug */ = {
			isa = XCBuildConfiguration;
			buildSettings = {
				ASSETCATALOG_COMPILER_APPICON_NAME = AppIcon;
				CODE_SIGN_STYLE = Automatic;
				DEVELOPMENT_TEAM = 7T5NXR7M3P;
				INFOPLIST_FILE = HUD_D/Info.plist;
				LD_RUNPATH_SEARCH_PATHS = "$(inherited) @executable_path/Frameworks";
				PRODUCT_BUNDLE_IDENTIFIER = "com.youlu.HUD-D";
				PRODUCT_NAME = "$(TARGET_NAME)";
				SWIFT_VERSION = 4.0;
				TARGETED_DEVICE_FAMILY = "1,2";
			};
			name = Debug;
		};
		786A45B02005BD3E00E34BB2 /* Release */ = {
			isa = XCBuildConfiguration;
			buildSettings = {
				ASSETCATALOG_COMPILER_APPICON_NAME = AppIcon;
				CODE_SIGN_STYLE = Automatic;
				DEVELOPMENT_TEAM = 7T5NXR7M3P;
				INFOPLIST_FILE = HUD_D/Info.plist;
				LD_RUNPATH_SEARCH_PATHS = "$(inherited) @executable_path/Frameworks";
				PRODUCT_BUNDLE_IDENTIFIER = "com.youlu.HUD-D";
				PRODUCT_NAME = "$(TARGET_NAME)";
				SWIFT_VERSION = 4.0;
				TARGETED_DEVICE_FAMILY = "1,2";
			};
			name = Release;
		};
/* End XCBuildConfiguration section */

/* Begin XCConfigurationList section */
		786A45972005BD3E00E34BB2 /* Build configuration list for PBXProject "HUD_D" */ = {
			isa = XCConfigurationList;
			buildConfigurations = (
				786A45AC2005BD3E00E34BB2 /* Debug */,
				786A45AD2005BD3E00E34BB2 /* Release */,
			);
			defaultConfigurationIsVisible = 0;
			defaultConfigurationName = Release;
		};
		786A45AE2005BD3E00E34BB2 /* Build configuration list for PBXNativeTarget "HUD_D" */ = {
			isa = XCConfigurationList;
			buildConfigurations = (
				786A45AF2005BD3E00E34BB2 /* Debug */,
				786A45B02005BD3E00E34BB2 /* Release */,
			);
			defaultConfigurationIsVisible = 0;
			defaultConfigurationName = Release;
		};
/* End XCConfigurationList section */
	};
	rootObject = 786A45942005BD3E00E34BB2 /* Project object */;
}
